
Microsoft Visual Studio Solution File, Format Version 12.00
# Visual Studio 15
VisualStudioVersion = 15.0.28010.2016
MinimumVisualStudioVersion = 10.0.40219.1
Project("{FAE04EC0-301F-11D3-BF4B-00C04F79EFBC}") = "TruyenTranh", "TruyenTranh\TruyenTranh.csproj", "{4DE03B69-FCFC-4ABB-8EBB-5AC5C9E164EF}"
EndProject
Global
	GlobalSection(SolutionConfigurationPlatforms) = preSolution
		Debug|Any CPU = Debug|Any CPU
		Release|Any CPU = Release|Any CPU
	EndGlobalSection
	GlobalSection(ProjectConfigurationPlatforms) = postSolution
		{4DE03B69-FCFC-4ABB-8EBB-5AC5C9E164EF}.Debug|Any CPU.ActiveCfg = Debug|Any CPU
		{4DE03B69-FCFC-4ABB-8EBB-5AC5C9E164EF}.Debug|Any CPU.Build.0 = Debug|Any CPU
		{4DE03B69-FCFC-4ABB-8EBB-5AC5C9E164EF}.Release|Any CPU.ActiveCfg = Release|Any CPU
		{4DE03B69-FCFC-4ABB-8EBB-5AC5C9E164EF}.Release|Any CPU.Build.0 = Release|Any CPU
	EndGlobalSection
	GlobalSection(SolutionProperties) = preSolution
		HideSolutionNode = FALSE
	EndGlobalSection
	GlobalSection(ExtensibilityGlobals) = postSolution
		SolutionGuid = {9EBABF82-68C0-44CF-A43B-4677C0C29716}
	EndGlobalSection
EndGlobal
