
Microsoft Visual Studio Solution File, Format Version 12.00
# Visual Studio 15
VisualStudioVersion = 15.0.28010.2003
MinimumVisualStudioVersion = 10.0.40219.1
Project("{FAE04EC0-301F-11D3-BF4B-00C04F79EFBC}") = "Rule20", "Rule20\Rule20.csproj", "{8FBEE408-3C38-40E5-8CD1-30FB7FCE9EDA}"
EndProject
Project("{54435603-DBB4-11D2-8724-00A0C9A8B90C}") = "SetupVSondRule20", "SetupVSondRule20\SetupVSondRule20.vdproj", "{1B4D4AFB-EA62-43B7-80F1-9D36E688A01B}"
EndProject
Global
	GlobalSection(SolutionConfigurationPlatforms) = preSolution
		Debug|Any CPU = Debug|Any CPU
		Release|Any CPU = Release|Any CPU
	EndGlobalSection
	GlobalSection(ProjectConfigurationPlatforms) = postSolution
		{8FBEE408-3C38-40E5-8CD1-30FB7FCE9EDA}.Debug|Any CPU.ActiveCfg = Debug|Any CPU
		{8FBEE408-3C38-40E5-8CD1-30FB7FCE9EDA}.Debug|Any CPU.Build.0 = Debug|Any CPU
		{8FBEE408-3C38-40E5-8CD1-30FB7FCE9EDA}.Release|Any CPU.ActiveCfg = Release|Any CPU
		{8FBEE408-3C38-40E5-8CD1-30FB7FCE9EDA}.Release|Any CPU.Build.0 = Release|Any CPU
		{1B4D4AFB-EA62-43B7-80F1-9D36E688A01B}.Debug|Any CPU.ActiveCfg = Debug
		{1B4D4AFB-EA62-43B7-80F1-9D36E688A01B}.Release|Any CPU.ActiveCfg = Release
	EndGlobalSection
	GlobalSection(SolutionProperties) = preSolution
		HideSolutionNode = FALSE
	EndGlobalSection
	GlobalSection(ExtensibilityGlobals) = postSolution
		SolutionGuid = {3B34C05D-86D8-4374-B271-E4484EC9BC2F}
	EndGlobalSection
EndGlobal
